
Microsoft Visual Studio Solution File, Format Version 12.00
# Visual Studio Version 17
VisualStudioVersion = 17.5.33516.290
MinimumVisualStudioVersion = 10.0.40219.1
Project("{FAE04EC0-301F-11D3-BF4B-00C04F79EFBC}") = "ssuarezS5.Android", "ssuarezS5.Android\ssuarezS5.Android.csproj", "{FB0394E0-A87D-45F3-90BC-A2B7421265D6}"
EndProject
Project("{FAE04EC0-301F-11D3-BF4B-00C04F79EFBC}") = "ssuarezS5.iOS", "ssuarezS5.iOS\ssuarezS5.iOS.csproj", "{00286F26-843A-4633-B50B-0784C2258B14}"
EndProject
Project("{FAE04EC0-301F-11D3-BF4B-00C04F79EFBC}") = "ssuarezS5", "ssuarezS5\ssuarezS5.csproj", "{AAF79182-552A-4C2F-AE1A-27E1BC9D485A}"
EndProject
Global
	GlobalSection(SolutionConfigurationPlatforms) = preSolution
		Debug|Any CPU = Debug|Any CPU
		Debug|iPhone = Debug|iPhone
		Debug|iPhoneSimulator = Debug|iPhoneSimulator
		Release|Any CPU = Release|Any CPU
		Release|iPhone = Release|iPhone
		Release|iPhoneSimulator = Release|iPhoneSimulator
	EndGlobalSection
	GlobalSection(ProjectConfigurationPlatforms) = postSolution
		{FB0394E0-A87D-45F3-90BC-A2B7421265D6}.Debug|Any CPU.ActiveCfg = Debug|Any CPU
		{FB0394E0-A87D-45F3-90BC-A2B7421265D6}.Debug|Any CPU.Build.0 = Debug|Any CPU
		{FB0394E0-A87D-45F3-90BC-A2B7421265D6}.Debug|Any CPU.Deploy.0 = Debug|Any CPU
		{FB0394E0-A87D-45F3-90BC-A2B7421265D6}.Debug|iPhone.ActiveCfg = Debug|Any CPU
		{FB0394E0-A87D-45F3-90BC-A2B7421265D6}.Debug|iPhone.Build.0 = Debug|Any CPU
		{FB0394E0-A87D-45F3-90BC-A2B7421265D6}.Debug|iPhone.Deploy.0 = Debug|Any CPU
		{FB0394E0-A87D-45F3-90BC-A2B7421265D6}.Debug|iPhoneSimulator.ActiveCfg = Debug|Any CPU
		{FB0394E0-A87D-45F3-90BC-A2B7421265D6}.Debug|iPhoneSimulator.Build.0 = Debug|Any CPU
		{FB0394E0-A87D-45F3-90BC-A2B7421265D6}.Debug|iPhoneSimulator.Deploy.0 = Debug|Any CPU
		{FB0394E0-A87D-45F3-90BC-A2B7421265D6}.Release|Any CPU.ActiveCfg = Release|Any CPU
		{FB0394E0-A87D-45F3-90BC-A2B7421265D6}.Release|Any CPU.Build.0 = Release|Any CPU
		{FB0394E0-A87D-45F3-90BC-A2B7421265D6}.Release|Any CPU.Deploy.0 = Release|Any CPU
		{FB0394E0-A87D-45F3-90BC-A2B7421265D6}.Release|iPhone.ActiveCfg = Release|Any CPU
		{FB0394E0-A87D-45F3-90BC-A2B7421265D6}.Release|iPhone.Build.0 = Release|Any CPU
		{FB0394E0-A87D-45F3-90BC-A2B7421265D6}.Release|iPhone.Deploy.0 = Release|Any CPU
		{FB0394E0-A87D-45F3-90BC-A2B7421265D6}.Release|iPhoneSimulator.ActiveCfg = Release|Any CPU
		{FB0394E0-A87D-45F3-90BC-A2B7421265D6}.Release|iPhoneSimulator.Build.0 = Release|Any CPU
		{FB0394E0-A87D-45F3-90BC-A2B7421265D6}.Release|iPhoneSimulator.Deploy.0 = Release|Any CPU
		{00286F26-843A-4633-B50B-0784C2258B14}.Debug|Any CPU.ActiveCfg = Debug|iPhone
		{00286F26-843A-4633-B50B-0784C2258B14}.Debug|Any CPU.Build.0 = Debug|iPhone
		{00286F26-843A-4633-B50B-0784C2258B14}.Debug|Any CPU.Deploy.0 = Debug|iPhone
		{00286F26-843A-4633-B50B-0784C2258B14}.Debug|iPhone.ActiveCfg = Debug|iPhone
		{00286F26-843A-4633-B50B-0784C2258B14}.Debug|iPhone.Build.0 = Debug|iPhone
		{00286F26-843A-4633-B50B-0784C2258B14}.Debug|iPhone.Deploy.0 = Debug|iPhone
		{00286F26-843A-4633-B50B-0784C2258B14}.Debug|iPhoneSimulator.ActiveCfg = Debug|iPhoneSimulator
		{00286F26-843A-4633-B50B-0784C2258B14}.Debug|iPhoneSimulator.Build.0 = Debug|iPhoneSimulator
		{00286F26-843A-4633-B50B-0784C2258B14}.Debug|iPhoneSimulator.Deploy.0 = Debug|iPhoneSimulator
		{00286F26-843A-4633-B50B-0784C2258B14}.Release|Any CPU.ActiveCfg = Release|iPhoneSimulator
		{00286F26-843A-4633-B50B-0784C2258B14}.Release|Any CPU.Build.0 = Release|iPhoneSimulator
		{00286F26-843A-4633-B50B-0784C2258B14}.Release|Any CPU.Deploy.0 = Release|iPhoneSimulator
		{00286F26-843A-4633-B50B-0784C2258B14}.Release|iPhone.ActiveCfg = Release|iPhone
		{00286F26-843A-4633-B50B-0784C2258B14}.Release|iPhone.Build.0 = Release|iPhone
		{00286F26-843A-4633-B50B-0784C2258B14}.Release|iPhone.Deploy.0 = Release|iPhone
		{00286F26-843A-4633-B50B-0784C2258B14}.Release|iPhoneSimulator.ActiveCfg = Release|iPhoneSimulator
		{00286F26-843A-4633-B50B-0784C2258B14}.Release|iPhoneSimulator.Build.0 = Release|iPhoneSimulator
		{00286F26-843A-4633-B50B-0784C2258B14}.Release|iPhoneSimulator.Deploy.0 = Release|iPhoneSimulator
		{AAF79182-552A-4C2F-AE1A-27E1BC9D485A}.Debug|Any CPU.ActiveCfg = Debug|Any CPU
		{AAF79182-552A-4C2F-AE1A-27E1BC9D485A}.Debug|Any CPU.Build.0 = Debug|Any CPU
		{AAF79182-552A-4C2F-AE1A-27E1BC9D485A}.Debug|Any CPU.Deploy.0 = Debug|Any CPU
		{AAF79182-552A-4C2F-AE1A-27E1BC9D485A}.Debug|iPhone.ActiveCfg = Debug|Any CPU
		{AAF79182-552A-4C2F-AE1A-27E1BC9D485A}.Debug|iPhone.Build.0 = Debug|Any CPU
		{AAF79182-552A-4C2F-AE1A-27E1BC9D485A}.Debug|iPhone.Deploy.0 = Debug|Any CPU
		{AAF79182-552A-4C2F-AE1A-27E1BC9D485A}.Debug|iPhoneSimulator.ActiveCfg = Debug|Any CPU
		{AAF79182-552A-4C2F-AE1A-27E1BC9D485A}.Debug|iPhoneSimulator.Build.0 = Debug|Any CPU
		{AAF79182-552A-4C2F-AE1A-27E1BC9D485A}.Debug|iPhoneSimulator.Deploy.0 = Debug|Any CPU
		{AAF79182-552A-4C2F-AE1A-27E1BC9D485A}.Release|Any CPU.ActiveCfg = Release|Any CPU
		{AAF79182-552A-4C2F-AE1A-27E1BC9D485A}.Release|Any CPU.Build.0 = Release|Any CPU
		{AAF79182-552A-4C2F-AE1A-27E1BC9D485A}.Release|Any CPU.Deploy.0 = Release|Any CPU
		{AAF79182-552A-4C2F-AE1A-27E1BC9D485A}.Release|iPhone.ActiveCfg = Release|Any CPU
		{AAF79182-552A-4C2F-AE1A-27E1BC9D485A}.Release|iPhone.Build.0 = Release|Any CPU
		{AAF79182-552A-4C2F-AE1A-27E1BC9D485A}.Release|iPhone.Deploy.0 = Release|Any CPU
		{AAF79182-552A-4C2F-AE1A-27E1BC9D485A}.Release|iPhoneSimulator.ActiveCfg = Release|Any CPU
		{AAF79182-552A-4C2F-AE1A-27E1BC9D485A}.Release|iPhoneSimulator.Build.0 = Release|Any CPU
		{AAF79182-552A-4C2F-AE1A-27E1BC9D485A}.Release|iPhoneSimulator.Deploy.0 = Release|Any CPU
	EndGlobalSection
	GlobalSection(SolutionProperties) = preSolution
		HideSolutionNode = FALSE
	EndGlobalSection
	GlobalSection(ExtensibilityGlobals) = postSolution
		SolutionGuid = {DDD48F44-207F-4C8E-A0A8-CE8A0B94E9DB}
	EndGlobalSection
EndGlobal
